
Microsoft Visual Studio Solution File, Format Version 12.00
# Visual Studio 15
VisualStudioVersion = 15.0.28307.168
MinimumVisualStudioVersion = 10.0.40219.1
Project("{FAE04EC0-301F-11D3-BF4B-00C04F79EFBC}") = "GAExample", "GAExample\GAExample.csproj", "{872AB10E-795F-48BC-96DB-5F12F89B1983}"
EndProject
Global
	GlobalSection(SolutionConfigurationPlatforms) = preSolution
		Debug|Any CPU = Debug|Any CPU
		Release|Any CPU = Release|Any CPU
	EndGlobalSection
	GlobalSection(ProjectConfigurationPlatforms) = postSolution
		{872AB10E-795F-48BC-96DB-5F12F89B1983}.Debug|Any CPU.ActiveCfg = Debug|Any CPU
		{872AB10E-795F-48BC-96DB-5F12F89B1983}.Debug|Any CPU.Build.0 = Debug|Any CPU
		{872AB10E-795F-48BC-96DB-5F12F89B1983}.Release|Any CPU.ActiveCfg = Release|Any CPU
		{872AB10E-795F-48BC-96DB-5F12F89B1983}.Release|Any CPU.Build.0 = Release|Any CPU
	EndGlobalSection
	GlobalSection(SolutionProperties) = preSolution
		HideSolutionNode = FALSE
	EndGlobalSection
	GlobalSection(ExtensibilityGlobals) = postSolution
		SolutionGuid = {301FA891-95E5-46D4-BC2A-A83E6CA5D9F3}
	EndGlobalSection
EndGlobal
